# This file is automatically @generated by Cargo.
# It is not intended for manual editing.
version = 4

[[package]]
name = "bitflags"
version = "2.13.0"
source = "registry+https://github.com/rust-lang/crates.io-index"
checksum = "b4388bee8683e3d04af747c73422af53102d2bd24d9eadb6cbc100baef4b43f8"

[[package]]
name = "bytes"
version = "1.12.1"
source = "registry+https://github.com/rust-lang/crates.io-index"
checksum = "fc652a48c352aef3ea3aed32080501cf3ef6ed5da78602a020c991775b0aff04"

[[package]]
name = "cfg-if"
version = "1.0.4"
source = "registry+https://github.com/rust-lang/crates.io-index"
checksum = "9330f8b2ff13f34540b44e946ef35111825727b38d33286ef986142615121801"

[[package]]
name = "convert_case"
version = "0.6.0"
source = "registry+https://github.com/rust-lang/crates.io-index"
checksum = "ec182b0ca2f35d8fc196cf3404988fd8b8c739a4d270ff118a398feb0cbec1ca"
dependencies = [
 "unicode-segmentation",
]

[[package]]
name = "convert_case"
version = "0.11.0"
source = "registry+https://github.com/rust-lang/crates.io-index"
checksum = "affbf0190ed2caf063e3def54ff444b449371d55c58e513a95ab98eca50adb49"
dependencies = [
 "unicode-segmentation",
]

[[package]]
name = "ctor"
version = "1.0.8"
source = "registry+https://github.com/rust-lang/crates.io-index"
checksum = "fb22e947478ccf9dc44d8922042c677a63fbb88f2cb468521d1145816e5087cb"

[[package]]
name = "demo_native"
version = "0.1.0"
dependencies = [
 "futures-channel",
 "futures-executor",
 "http",
 "napi-build-ohos",
 "napi-derive-ohos",
 "napi-ohos",
 "ohos-hilog-binding",
 "openharmony-ability",
 "openharmony-ability-derive",
 "openharmony-ability-plugin-app-control",
 "openharmony-ability-plugin-filepicker",
 "openharmony-ability-plugin-openbysys",
 "openharmony-ability-plugin-permission",
 "openharmony-ability-plugin-resource",
 "openharmony-ability-plugin-url",
 "openharmony-ability-plugin-webview",
 "openharmony-ability-plugin-window",
]

[[package]]
name = "demo_sub_native"
version = "0.1.0"
dependencies = [
 "napi-build-ohos",
 "napi-derive-ohos",
 "napi-ohos",
 "openharmony-ability",
 "openharmony-ability-derive",
 "openharmony-ability-plugin-webview",
 "openharmony-ability-plugin-window",
]

[[package]]
name = "futures"
version = "0.3.32"
source = "registry+https://github.com/rust-lang/crates.io-index"
checksum = "8b147ee9d1f6d097cef9ce628cd2ee62288d963e16fb287bd9286455b241382d"
dependencies = [
 "futures-channel",
 "futures-core",
 "futures-executor",
 "futures-io",
 "futures-sink",
 "futures-task",
 "futures-util",
]

[[package]]
name = "futures-channel"
version = "0.3.32"
source = "registry+https://github.com/rust-lang/crates.io-index"
checksum = "07bbe89c50d7a535e539b8c17bc0b49bdb77747034daa8087407d655f3f7cc1d"
dependencies = [
 "futures-core",
 "futures-sink",
]

[[package]]
name = "futures-core"
version = "0.3.32"
source = "registry+https://github.com/rust-lang/crates.io-index"
checksum = "7e3450815272ef58cec6d564423f6e755e25379b217b0bc688e295ba24df6b1d"

[[package]]
name = "futures-executor"
version = "0.3.32"
source = "registry+https://github.com/rust-lang/crates.io-index"
checksum = "baf29c38818342a3b26b5b923639e7b1f4a61fc5e76102d4b1981c6dc7a7579d"
dependencies = [
 "futures-core",
 "futures-task",
 "futures-util",
]

[[package]]
name = "futures-io"
version = "0.3.32"
source = "registry+https://github.com/rust-lang/crates.io-index"
checksum = "cecba35d7ad927e23624b22ad55235f2239cfa44fd10428eecbeba6d6a717718"

[[package]]
name = "futures-macro"
version = "0.3.32"
source = "registry+https://github.com/rust-lang/crates.io-index"
checksum = "e835b70203e41293343137df5c0664546da5745f82ec9b84d40be8336958447b"
dependencies = [
 "proc-macro2",
 "quote",
 "syn",
]

[[package]]
name = "futures-sink"
version = "0.3.32"
source = "registry+https://github.com/rust-lang/crates.io-index"
checksum = "c39754e157331b013978ec91992bde1ac089843443c49cbc7f46150b0fad0893"

[[package]]
name = "futures-task"
version = "0.3.32"
source = "registry+https://github.com/rust-lang/crates.io-index"
checksum = "037711b3d59c33004d3856fbdc83b99d4ff37a24768fa1be9ce3538a1cde4393"

[[package]]
name = "futures-util"
version = "0.3.32"
source = "registry+https://github.com/rust-lang/crates.io-index"
checksum = "389ca41296e6190b48053de0321d02a77f32f8a5d2461dd38762c0593805c6d6"
dependencies = [
 "futures-channel",
 "futures-core",
 "futures-io",
 "futures-macro",
 "futures-sink",
 "futures-task",
 "memchr",
 "pin-project-lite",
 "slab",
]

[[package]]
name = "http"
version = "1.4.2"
source = "registry+https://github.com/rust-lang/crates.io-index"
checksum = "6970f50e31d6fc17d3fa27329444bfa74e196cf62e95052a3f6fee181dba6425"
dependencies = [
 "bytes",
 "itoa",
]

[[package]]
name = "itoa"
version = "1.0.18"
source = "registry+https://github.com/rust-lang/crates.io-index"
checksum = "8f42a60cbdf9a97f5d2305f08a87dc4e09308d1276d28c869c684d7777685682"

[[package]]
name = "libloading"
version = "0.9.0"
source = "registry+https://github.com/rust-lang/crates.io-index"
checksum = "754ca22de805bb5744484a5b151a9e1a8e837d5dc232c2d7d8c2e3492edc8b60"
dependencies = [
 "cfg-if",
 "windows-link",
]

[[package]]
name = "log"
version = "0.4.34"
source = "registry+https://github.com/rust-lang/crates.io-index"
checksum = "f9f8bd3e56ce4dfc153cf470fffbfa98c7620958b312ca5c3a4b8d5181fd13c6"

[[package]]
name = "memchr"
version = "2.8.3"
source = "registry+https://github.com/rust-lang/crates.io-index"
checksum = "cf8baf1c55e62ffcace7a9f06f4bd9cd3f0c4beb022d3b367256b91b87513d98"

[[package]]
name = "napi-build-ohos"
version = "1.2.0"
source = "registry+https://github.com/rust-lang/crates.io-index"
checksum = "617bcd176a3dc3d96c0acad112a482f592242d6fba6773a9eb8d90e042a35260"

[[package]]
name = "napi-derive-backend-ohos"
version = "1.2.0"
source = "registry+https://github.com/rust-lang/crates.io-index"
checksum = "5b06bf282ab442eed04c89f8a833bd06d4cf22f18654f50d848449db9e94438a"
dependencies = [
 "convert_case 0.11.0",
 "proc-macro2",
 "quote",
 "semver",
 "syn",
]

[[package]]
name = "napi-derive-ohos"
version = "1.2.0"
source = "registry+https://github.com/rust-lang/crates.io-index"
checksum = "419b1721d9f21d76c1a5cb38e2628211cb786b5efb9e1dd2fc049ba1cb938e47"
dependencies = [
 "convert_case 0.11.0",
 "ctor",
 "napi-derive-backend-ohos",
 "proc-macro2",
 "quote",
 "syn",
]

[[package]]
name = "napi-ohos"
version = "1.2.0"
source = "registry+https://github.com/rust-lang/crates.io-index"
checksum = "fe1a014105134b7889e85f5ab6f8ec5240db43ed37e6c4a38bd7b4a164b345e0"
dependencies = [
 "bitflags",
 "ctor",
 "futures",
 "napi-build-ohos",
 "napi-sys-ohos",
 "nohash-hasher",
 "rustc-hash",
 "tokio",
]

[[package]]
name = "napi-sys-ohos"
version = "1.2.0"
source = "registry+https://github.com/rust-lang/crates.io-index"
checksum = "266964b97e57f3ca023ed13e7c78d4c8f3900aa00466bbeb8cb7746653cabc5f"
dependencies = [
 "libloading",
]

[[package]]
name = "nohash-hasher"
version = "0.2.0"
source = "registry+https://github.com/rust-lang/crates.io-index"
checksum = "2bf50223579dc7cdcfb3bfcacf7069ff68243f8c363f62ffa99cf000a6b9c451"

[[package]]
name = "ohos-accessibility-sys"
version = "0.0.2"
source = "registry+https://github.com/rust-lang/crates.io-index"
checksum = "810ce2df7c760cd2da5a72a3fafe860ecd28f557ac50b17433dd3bb059f13c75"
dependencies = [
 "ohos-arkui-input-sys",
]

[[package]]
name = "ohos-arkui-binding"
version = "0.2.1"
source = "registry+https://github.com/rust-lang/crates.io-index"
checksum = "e004b3797638bf87f08cb033552a5e3b813edab7b16d831b2761178f27d05083"
dependencies = [
 "bitflags",
 "napi-ohos",
 "napi-sys-ohos",
 "ohos-arkui-input-binding",
 "ohos-arkui-sys",
 "ohos-enum-derive",
 "ohos-xcomponent-binding",
 "ohos-xcomponent-sys",
]

[[package]]
name = "ohos-arkui-input-binding"
version = "0.1.1"
source = "registry+https://github.com/rust-lang/crates.io-index"
checksum = "54bbeb86f5de53fe4aaaff8070e19900761a82fcdd4103c0a2d799d888c93fc5"
dependencies = [
 "ohos-arkui-input-sys",
 "ohos-enum-derive",
]

[[package]]
name = "ohos-arkui-input-sys"
version = "0.1.1"
source = "registry+https://github.com/rust-lang/crates.io-index"
checksum = "12f7a9b47147020e7b166456be8c046bb950259806d6954d2e41d1826abfa9a0"

[[package]]
name = "ohos-arkui-sys"
version = "0.1.1"
source = "registry+https://github.com/rust-lang/crates.io-index"
checksum = "f03318dacc6add03bd1f1adf05ec349febaf7e0614090d8021b315a262038b4f"
dependencies = [
 "napi-sys-ohos",
 "ohos-arkui-input-sys",
 "ohos-image-native-sys",
 "ohos-native-drawing-sys",
 "ohos-udmf-sys",
]

[[package]]
name = "ohos-display-binding"
version = "0.1.1"
source = "registry+https://github.com/rust-lang/crates.io-index"
checksum = "12665edc32a1e47d048ff918768ab54b1fa6d225bc0b11f95e4465b596c01dde"
dependencies = [
 "ohos-display-sys",
 "ohos-enum-derive",
]

[[package]]
name = "ohos-display-sys"
version = "0.1.1"
source = "registry+https://github.com/rust-lang/crates.io-index"
checksum = "76a7f281a4946086162214c948b805673b00f37f5eb9da8198034c356152aac6"

[[package]]
name = "ohos-enum-derive"
version = "0.1.1"
source = "registry+https://github.com/rust-lang/crates.io-index"
checksum = "dfaa27b9a5519879fcccdb845993e2d2c28df2f84e60f1016bad4557458a4889"
dependencies = [
 "convert_case 0.6.0",
 "proc-macro2",
 "quote",
 "syn",
]

[[package]]
name = "ohos-hilog-binding"
version = "0.2.1"
source = "registry+https://github.com/rust-lang/crates.io-index"
checksum = "2cb0bf7b7f725f333c745c2d5adf78caf5a5049ac8f2ce25138007a9e95b5f17"
dependencies = [
 "ohos-enum-derive",
 "ohos-hilogs-sys",
]

[[package]]
name = "ohos-hilogs-sys"
version = "0.1.1"
source = "registry+https://github.com/rust-lang/crates.io-index"
checksum = "3878fded9ee08f9217d6ce4f5de4307110ac209652e349724ece29064151bb76"

[[package]]
name = "ohos-image-native-sys"
version = "0.0.2"
source = "registry+https://github.com/rust-lang/crates.io-index"
checksum = "ecaf660fe05ccff647ab201307e5d739eb01edc821744f3a9c6840032006d40b"
dependencies = [
 "napi-sys-ohos",
 "ohos-native-buffer-sys",
 "ohos-resource-manager-sys",
]

[[package]]
name = "ohos-image-sys"
version = "0.0.2"
source = "registry+https://github.com/rust-lang/crates.io-index"
checksum = "b4a94ccf32afe0522c34647e17a9ba1ab39b39399207b3b3ffc21d03cd9cb152"
dependencies = [
 "napi-sys-ohos",
 "ohos-resource-manager-sys",
]

[[package]]
name = "ohos-ime-binding"
version = "0.2.1"
source = "registry+https://github.com/rust-lang/crates.io-index"
checksum = "a09e0a0b3844744535309aaf246df1e8c52fb1107631b3f7ddbfc275a0314bd3"
dependencies = [
 "ohos-enum-derive",
 "ohos-input-method-sys",
]

[[package]]
name = "ohos-input-method-sys"
version = "0.2.1"
source = "registry+https://github.com/rust-lang/crates.io-index"
checksum = "855c631663b49706aee58d0a446568aefeb85ccf95180a059d020c00b1187ad2"

[[package]]
name = "ohos-native-buffer-sys"
version = "0.1.1"
source = "registry+https://github.com/rust-lang/crates.io-index"
checksum = "4642c79ad9743a8bc3e0c46d8a8c8c87cc2b4f03b0fc6f2c049606ae47a5ff16"

[[package]]
name = "ohos-native-drawing-sys"
version = "0.2.1"
source = "registry+https://github.com/rust-lang/crates.io-index"
checksum = "45fcbb5139439d4dc7ac630fe3d02a9980687f8f56295799f842ef260e315c12"
dependencies = [
 "ohos-image-native-sys",
 "ohos-image-sys",
]

[[package]]
name = "ohos-resource-manager-binding"
version = "0.3.1"
source = "registry+https://github.com/rust-lang/crates.io-index"
checksum = "da00ab3e5b1322647c40b2c49f2fadc42df04b51884f3e5817ee62a235224ce7"
dependencies = [
 "napi-ohos",
 "ohos-resource-manager-sys",
]

[[package]]
name = "ohos-resource-manager-sys"
version = "0.3.1"
source = "registry+https://github.com/rust-lang/crates.io-index"
checksum = "bf0e3a4f14001ff137b01a80d021b436c4777a4b8cd2a318c9575b796ba9c918"
dependencies = [
 "napi-sys-ohos",
]

[[package]]
name = "ohos-udmf-sys"
version = "0.0.2"
source = "registry+https://github.com/rust-lang/crates.io-index"
checksum = "5a0e5ea4015c1c365841419a0aaf1ca266fbfdfc93465e79a4f2ad826072a98f"
dependencies = [
 "ohos-image-native-sys",
]

[[package]]
name = "ohos-web-binding"
version = "0.2.1"
source = "registry+https://github.com/rust-lang/crates.io-index"
checksum = "c6ee03359b2b6daca3a068c0c9342250ba82631a2ba21d1095735ee1184d8439"
dependencies = [
 "bitflags",
 "ohos-enum-derive",
 "ohos-web-sys",
]

[[package]]
name = "ohos-web-sys"
version = "0.1.1"
source = "registry+https://github.com/rust-lang/crates.io-index"
checksum = "e02c4cd2a25905ce1612ef7fd8f159fde19835e27767457dfdac08d3e2c9fc99"

[[package]]
name = "ohos-xcomponent-binding"
version = "0.3.1"
source = "registry+https://github.com/rust-lang/crates.io-index"
checksum = "1f46c3397d83759326d0af79aaed3880d20ddaa3229b8364c01271c12e4cbd89"
dependencies = [
 "napi-derive-ohos",
 "napi-ohos",
 "napi-sys-ohos",
 "ohos-arkui-input-binding",
 "ohos-enum-derive",
 "ohos-xcomponent-sys",
 "raw-window-handle",
]

[[package]]
name = "ohos-xcomponent-sys"
version = "0.1.1"
source = "registry+https://github.com/rust-lang/crates.io-index"
checksum = "8e9b29161503ac5c408d770764b2032e2e16ae3853c16f26717d807c3da9de69"
dependencies = [
 "ohos-accessibility-sys",
 "ohos-arkui-input-sys",
 "ohos-arkui-sys",
]

[[package]]
name = "openharmony-ability"
version = "1.0.0-beta.1"
dependencies = [
 "futures-channel",
 "log",
 "napi-derive-ohos",
 "napi-ohos",
 "ohos-arkui-binding",
 "ohos-arkui-input-binding",
 "ohos-display-binding",
 "ohos-ime-binding",
 "ohos-xcomponent-binding",
]

[[package]]
name = "openharmony-ability-derive"
version = "1.0.0-beta.1"
dependencies = [
 "proc-macro2",
 "quote",
 "syn",
]

[[package]]
name = "openharmony-ability-plugin-app-control"
version = "1.0.0-beta.1"
dependencies = [
 "napi-derive-ohos",
 "napi-ohos",
 "openharmony-ability",
]

[[package]]
name = "openharmony-ability-plugin-cursor"
version = "1.0.0-beta.1"
dependencies = [
 "log",
 "napi-derive-ohos",
 "napi-ohos",
 "openharmony-ability",
]

[[package]]
name = "openharmony-ability-plugin-filedropin"
version = "1.0.0-beta.1"
dependencies = [
 "log",
 "napi-derive-ohos",
 "napi-ohos",
 "openharmony-ability",
]

[[package]]
name = "openharmony-ability-plugin-filelaunch"
version = "1.0.0-beta.1"
dependencies = [
 "log",
 "napi-derive-ohos",
 "napi-ohos",
 "openharmony-ability",
]

[[package]]
name = "openharmony-ability-plugin-filepicker"
version = "1.0.0-beta.1"
dependencies = [
 "napi-derive-ohos",
 "napi-ohos",
 "openharmony-ability",
]

[[package]]
name = "openharmony-ability-plugin-ime"
version = "1.0.0-beta.1"
dependencies = [
 "log",
 "napi-derive-ohos",
 "napi-ohos",
 "openharmony-ability",
]

[[package]]
name = "openharmony-ability-plugin-openbysys"
version = "1.0.0-beta.1"
dependencies = [
 "napi-derive-ohos",
 "napi-ohos",
 "openharmony-ability",
]

[[package]]
name = "openharmony-ability-plugin-permission"
version = "1.0.0-beta.1"
dependencies = [
 "napi-derive-ohos",
 "napi-ohos",
 "openharmony-ability",
]

[[package]]
name = "openharmony-ability-plugin-pinch"
version = "1.0.0-beta.1"
dependencies = [
 "log",
 "napi-derive-ohos",
 "napi-ohos",
 "openharmony-ability",
]

[[package]]
name = "openharmony-ability-plugin-resource"
version = "1.0.0-beta.1"
dependencies = [
 "napi-derive-ohos",
 "napi-ohos",
 "ohos-resource-manager-binding",
 "ohos-resource-manager-sys",
 "openharmony-ability",
]

[[package]]
name = "openharmony-ability-plugin-url"
version = "1.0.0-beta.1"
dependencies = [
 "log",
 "napi-derive-ohos",
 "napi-ohos",
 "openharmony-ability",
]

[[package]]
name = "openharmony-ability-plugin-webview"
version = "1.0.0-beta.1"
dependencies = [
 "http",
 "napi-derive-ohos",
 "napi-ohos",
 "ohos-web-binding",
 "openharmony-ability",
]

[[package]]
name = "openharmony-ability-plugin-window"
version = "1.0.0-beta.1"
dependencies = [
 "napi-derive-ohos",
 "napi-ohos",
 "openharmony-ability",
]

[[package]]
name = "pin-project-lite"
version = "0.2.17"
source = "registry+https://github.com/rust-lang/crates.io-index"
checksum = "a89322df9ebe1c1578d689c92318e070967d1042b512afbe49518723f4e6d5cd"

[[package]]
name = "proc-macro2"
version = "1.0.106"
source = "registry+https://github.com/rust-lang/crates.io-index"
checksum = "8fd00f0bb2e90d81d1044c2b32617f68fcb9fa3bb7640c23e9c748e53fb30934"
dependencies = [
 "unicode-ident",
]

[[package]]
name = "quote"
version = "1.0.46"
source = "registry+https://github.com/rust-lang/crates.io-index"
checksum = "dfbc457d0c7a0759a614551b11a6409e5951f6c7537be1f1b7682b9ae9230368"
dependencies = [
 "proc-macro2",
]

[[package]]
name = "raw-window-handle"
version = "0.6.2"
source = "registry+https://github.com/rust-lang/crates.io-index"
checksum = "20675572f6f24e9e76ef639bc5552774ed45f1c30e2951e1e99c59888861c539"

[[package]]
name = "rustc-hash"
version = "2.1.3"
source = "registry+https://github.com/rust-lang/crates.io-index"
checksum = "6b1e7f9a428571be2dc5bc0505c13fb6bf936822b894ec87abf8a08a4e51742d"

[[package]]
name = "semver"
version = "1.0.28"
source = "registry+https://github.com/rust-lang/crates.io-index"
checksum = "8a7852d02fc848982e0c167ef163aaff9cd91dc640ba85e263cb1ce46fae51cd"

[[package]]
name = "slab"
version = "0.4.12"
source = "registry+https://github.com/rust-lang/crates.io-index"
checksum = "0c790de23124f9ab44544d7ac05d60440adc586479ce501c1d6d7da3cd8c9cf5"

[[package]]
name = "syn"
version = "2.0.118"
source = "registry+https://github.com/rust-lang/crates.io-index"
checksum = "1b9ae57f904213ebb649ce6895b8a66c66f0203b9319718f69a5612a065b1422"
dependencies = [
 "proc-macro2",
 "quote",
 "unicode-ident",
]

[[package]]
name = "tokio"
version = "1.52.3"
source = "registry+https://github.com/rust-lang/crates.io-index"
checksum = "8fc7f01b389ac15039e4dc9531aa973a135d7a4135281b12d7c1bc79fd57fffe"
dependencies = [
 "pin-project-lite",
]

[[package]]
name = "unicode-ident"
version = "1.0.24"
source = "registry+https://github.com/rust-lang/crates.io-index"
checksum = "e6e4313cd5fcd3dad5cafa179702e2b244f760991f45397d14d4ebf38247da75"

[[package]]
name = "unicode-segmentation"
version = "1.13.3"
source = "registry+https://github.com/rust-lang/crates.io-index"
checksum = "c6f5d3c3b1bf09027a88a6bc961fc00497d651009560b5463668dc81b0fa87a8"

[[package]]
name = "windows-link"
version = "0.2.1"
source = "registry+https://github.com/rust-lang/crates.io-index"
checksum = "f0805222e57f7521d6a62e36fa9163bc891acd422f971defe97d64e70d0a4fe5"

[[package]]
name = "worker-pool"
version = "0.1.0"
dependencies = [
 "log",
]
